
Microsoft Visual Studio Solution File, Format Version 12.00
# Visual Studio Version 17
VisualStudioVersion = 17.8.34525.116
MinimumVisualStudioVersion = 10.0.40219.1
Project("{9A19103F-16F7-4668-BE54-9A1E7A4F7556}") = "Voxura.Core", "Voxura\Voxura.Core.csproj", "{632E4017-A002-4A18-B1D5-32D942B5EFDB}"
EndProject
Project("{9A19103F-16F7-4668-BE54-9A1E7A4F7556}") = "Voxura.Test", "Voxura.Test\Voxura.Test.csproj", "{0D800EEE-4883-49D1-BF0D-5E018981F0F5}"
EndProject
Project("{9A19103F-16F7-4668-BE54-9A1E7A4F7556}") = "Voxura.WebAPI", "Voxura.WebAPI\Voxura.WebAPI.csproj", "{D083C3D9-9208-4AEC-9A83-F7473AECA884}"
EndProject
Project("{9A19103F-16F7-4668-BE54-9A1E7A4F7556}") = "Voxura.WpfDemo", "Voxura.WpfDemo\Voxura.WpfDemo.csproj", "{3E38C053-7536-499F-B1E3-FC104109E08C}"
EndProject
Project("{2150E333-8FDC-42A3-9474-1A3956D46DE8}") = "Solution Items", "Solution Items", "{3E5C9441-0812-490D-8F93-A2E0293273C1}"
	ProjectSection(SolutionItems) = preProject
		.gitignore = .gitignore
	EndProjectSection
EndProject
Project("{9A19103F-16F7-4668-BE54-9A1E7A4F7556}") = "Voxura.MauiDemo", "Voxura.MauiDemo\Voxura.MauiDemo.csproj", "{CAF1D9DA-8A4C-466C-8EC8-820A3AEF544B}"
EndProject
Global
	GlobalSection(SolutionConfigurationPlatforms) = preSolution
		Debug|Any CPU = Debug|Any CPU
		Release|Any CPU = Release|Any CPU
	EndGlobalSection
	GlobalSection(ProjectConfigurationPlatforms) = postSolution
		{632E4017-A002-4A18-B1D5-32D942B5EFDB}.Debug|Any CPU.ActiveCfg = Debug|Any CPU
		{632E4017-A002-4A18-B1D5-32D942B5EFDB}.Debug|Any CPU.Build.0 = Debug|Any CPU
		{632E4017-A002-4A18-B1D5-32D942B5EFDB}.Release|Any CPU.ActiveCfg = Release|Any CPU
		{632E4017-A002-4A18-B1D5-32D942B5EFDB}.Release|Any CPU.Build.0 = Release|Any CPU
		{0D800EEE-4883-49D1-BF0D-5E018981F0F5}.Debug|Any CPU.ActiveCfg = Debug|Any CPU
		{0D800EEE-4883-49D1-BF0D-5E018981F0F5}.Debug|Any CPU.Build.0 = Debug|Any CPU
		{0D800EEE-4883-49D1-BF0D-5E018981F0F5}.Release|Any CPU.ActiveCfg = Release|Any CPU
		{0D800EEE-4883-49D1-BF0D-5E018981F0F5}.Release|Any CPU.Build.0 = Release|Any CPU
		{D083C3D9-9208-4AEC-9A83-F7473AECA884}.Debug|Any CPU.ActiveCfg = Debug|Any CPU
		{D083C3D9-9208-4AEC-9A83-F7473AECA884}.Debug|Any CPU.Build.0 = Debug|Any CPU
		{D083C3D9-9208-4AEC-9A83-F7473AECA884}.Release|Any CPU.ActiveCfg = Release|Any CPU
		{D083C3D9-9208-4AEC-9A83-F7473AECA884}.Release|Any CPU.Build.0 = Release|Any CPU
		{3E38C053-7536-499F-B1E3-FC104109E08C}.Debug|Any CPU.ActiveCfg = Debug|Any CPU
		{3E38C053-7536-499F-B1E3-FC104109E08C}.Debug|Any CPU.Build.0 = Debug|Any CPU
		{3E38C053-7536-499F-B1E3-FC104109E08C}.Release|Any CPU.ActiveCfg = Release|Any CPU
		{3E38C053-7536-499F-B1E3-FC104109E08C}.Release|Any CPU.Build.0 = Release|Any CPU
		{CAF1D9DA-8A4C-466C-8EC8-820A3AEF544B}.Debug|Any CPU.ActiveCfg = Debug|Any CPU
		{CAF1D9DA-8A4C-466C-8EC8-820A3AEF544B}.Debug|Any CPU.Build.0 = Debug|Any CPU
		{CAF1D9DA-8A4C-466C-8EC8-820A3AEF544B}.Debug|Any CPU.Deploy.0 = Debug|Any CPU
		{CAF1D9DA-8A4C-466C-8EC8-820A3AEF544B}.Release|Any CPU.ActiveCfg = Release|Any CPU
		{CAF1D9DA-8A4C-466C-8EC8-820A3AEF544B}.Release|Any CPU.Build.0 = Release|Any CPU
	EndGlobalSection
	GlobalSection(SolutionProperties) = preSolution
		HideSolutionNode = FALSE
	EndGlobalSection
	GlobalSection(ExtensibilityGlobals) = postSolution
		SolutionGuid = {5875A0DE-5B4E-4BFB-AE81-6D0F911A6BA7}
	EndGlobalSection
EndGlobal
